
Microsoft Visual Studio Solution File, Format Version 12.00
# Visual Studio Version 16
VisualStudioVersion = 16.0.32510.428
MinimumVisualStudioVersion = 10.0.40219.1
Project("{FAE04EC0-301F-11D3-BF4B-00C04F79EFBC}") = "FirstCoreMVCWebApplication", "FirstCoreMVCWebApplication.csproj", "{1BFBEF05-E7B7-499E-8BED-E960B754AD2F}"
EndProject
Global
	GlobalSection(SolutionConfigurationPlatforms) = preSolution
		Debug|Any CPU = Debug|Any CPU
		Release|Any CPU = Release|Any CPU
	EndGlobalSection
	GlobalSection(ProjectConfigurationPlatforms) = postSolution
		{1BFBEF05-E7B7-499E-8BED-E960B754AD2F}.Debug|Any CPU.ActiveCfg = Debug|Any CPU
		{1BFBEF05-E7B7-499E-8BED-E960B754AD2F}.Debug|Any CPU.Build.0 = Debug|Any CPU
		{1BFBEF05-E7B7-499E-8BED-E960B754AD2F}.Release|Any CPU.ActiveCfg = Release|Any CPU
		{1BFBEF05-E7B7-499E-8BED-E960B754AD2F}.Release|Any CPU.Build.0 = Release|Any CPU
	EndGlobalSection
	GlobalSection(SolutionProperties) = preSolution
		HideSolutionNode = FALSE
	EndGlobalSection
	GlobalSection(ExtensibilityGlobals) = postSolution
		SolutionGuid = {A9ED8ED0-9705-433E-B704-22AAAB102ADA}
	EndGlobalSection
EndGlobal
